
Microsoft Visual Studio Solution File, Format Version 12.00
# Visual Studio 15
VisualStudioVersion = 15.0.27703.2042
MinimumVisualStudioVersion = 10.0.40219.1
Project("{FAE04EC0-301F-11D3-BF4B-00C04F79EFBC}") = "StockApp.Console", "StockApp\StockApp.Console.csproj", "{C40FE06C-B7B6-440E-8DFF-A5DF79F194D5}"
EndProject
Project("{FAE04EC0-301F-11D3-BF4B-00C04F79EFBC}") = "StockApp.Models", "StockApp.Models\StockApp.Models.csproj", "{3DD2B5C7-A0FB-465F-B553-E778718EE0A4}"
EndProject
Project("{FAE04EC0-301F-11D3-BF4B-00C04F79EFBC}") = "StockApp.Services", "StockApp.Services\StockApp.Services.csproj", "{03C1E63A-7C00-4942-96F1-BB5F759301E1}"
EndProject
Global
	GlobalSection(SolutionConfigurationPlatforms) = preSolution
		Debug|Any CPU = Debug|Any CPU
		Release|Any CPU = Release|Any CPU
	EndGlobalSection
	GlobalSection(ProjectConfigurationPlatforms) = postSolution
		{C40FE06C-B7B6-440E-8DFF-A5DF79F194D5}.Debug|Any CPU.ActiveCfg = Debug|Any CPU
		{C40FE06C-B7B6-440E-8DFF-A5DF79F194D5}.Debug|Any CPU.Build.0 = Debug|Any CPU
		{C40FE06C-B7B6-440E-8DFF-A5DF79F194D5}.Release|Any CPU.ActiveCfg = Release|Any CPU
		{C40FE06C-B7B6-440E-8DFF-A5DF79F194D5}.Release|Any CPU.Build.0 = Release|Any CPU
		{3DD2B5C7-A0FB-465F-B553-E778718EE0A4}.Debug|Any CPU.ActiveCfg = Debug|Any CPU
		{3DD2B5C7-A0FB-465F-B553-E778718EE0A4}.Debug|Any CPU.Build.0 = Debug|Any CPU
		{3DD2B5C7-A0FB-465F-B553-E778718EE0A4}.Release|Any CPU.ActiveCfg = Release|Any CPU
		{3DD2B5C7-A0FB-465F-B553-E778718EE0A4}.Release|Any CPU.Build.0 = Release|Any CPU
		{03C1E63A-7C00-4942-96F1-BB5F759301E1}.Debug|Any CPU.ActiveCfg = Debug|Any CPU
		{03C1E63A-7C00-4942-96F1-BB5F759301E1}.Debug|Any CPU.Build.0 = Debug|Any CPU
		{03C1E63A-7C00-4942-96F1-BB5F759301E1}.Release|Any CPU.ActiveCfg = Release|Any CPU
		{03C1E63A-7C00-4942-96F1-BB5F759301E1}.Release|Any CPU.Build.0 = Release|Any CPU
	EndGlobalSection
	GlobalSection(SolutionProperties) = preSolution
		HideSolutionNode = FALSE
	EndGlobalSection
	GlobalSection(ExtensibilityGlobals) = postSolution
		SolutionGuid = {75DFC96C-3DB9-443F-B75E-189042807A43}
	EndGlobalSection
EndGlobal
